
Microsoft Visual Studio Solution File, Format Version 12.00
# Visual Studio Version 16
VisualStudioVersion = 16.0.31205.134
MinimumVisualStudioVersion = 10.0.40219.1
Project("{8BC9CEB8-8B4A-11D0-8D11-00A0C91BC942}") = "solarSystem", "solarSystem\solarSystem.vcxproj", "{49735F30-3461-498A-853F-D1AE0D8C509C}"
EndProject
Global
	GlobalSection(SolutionConfigurationPlatforms) = preSolution
		Debug|x64 = Debug|x64
		Debug|x86 = Debug|x86
		Release|x64 = Release|x64
		Release|x86 = Release|x86
	EndGlobalSection
	GlobalSection(ProjectConfigurationPlatforms) = postSolution
		{49735F30-3461-498A-853F-D1AE0D8C509C}.Debug|x64.ActiveCfg = Debug|x64
		{49735F30-3461-498A-853F-D1AE0D8C509C}.Debug|x64.Build.0 = Debug|x64
		{49735F30-3461-498A-853F-D1AE0D8C509C}.Debug|x86.ActiveCfg = Debug|Win32
		{49735F30-3461-498A-853F-D1AE0D8C509C}.Debug|x86.Build.0 = Debug|Win32
		{49735F30-3461-498A-853F-D1AE0D8C509C}.Release|x64.ActiveCfg = Release|x64
		{49735F30-3461-498A-853F-D1AE0D8C509C}.Release|x64.Build.0 = Release|x64
		{49735F30-3461-498A-853F-D1AE0D8C509C}.Release|x86.ActiveCfg = Release|Win32
		{49735F30-3461-498A-853F-D1AE0D8C509C}.Release|x86.Build.0 = Release|Win32
	EndGlobalSection
	GlobalSection(SolutionProperties) = preSolution
		HideSolutionNode = FALSE
	EndGlobalSection
	GlobalSection(ExtensibilityGlobals) = postSolution
		SolutionGuid = {A41EF3A5-6D2D-411D-82D7-A952AB10113A}
	EndGlobalSection
EndGlobal
